
Microsoft Visual Studio Solution File, Format Version 12.00
# Visual Studio Version 17
VisualStudioVersion = 17.0.31903.59
MinimumVisualStudioVersion = 10.0.40219.1
Project("{2150E333-8FDC-42A3-9474-1A3956D46DE8}") = "C#", "C#", "{CB210715-3FCB-4967-9510-EC92DFBC653D}"
EndProject
Project("{FAE04EC0-301F-11D3-BF4B-00C04F79EFBC}") = "qg", "C#\qg\qg.csproj", "{7AA093B3-D5D4-4B74-A3B3-A377898487B8}"
EndProject
Global
	GlobalSection(SolutionConfigurationPlatforms) = preSolution
		Debug|Any CPU = Debug|Any CPU
		Release|Any CPU = Release|Any CPU
	EndGlobalSection
	GlobalSection(SolutionProperties) = preSolution
		HideSolutionNode = FALSE
	EndGlobalSection
	GlobalSection(ProjectConfigurationPlatforms) = postSolution
		{7AA093B3-D5D4-4B74-A3B3-A377898487B8}.Debug|Any CPU.ActiveCfg = Debug|Any CPU
		{7AA093B3-D5D4-4B74-A3B3-A377898487B8}.Debug|Any CPU.Build.0 = Debug|Any CPU
		{7AA093B3-D5D4-4B74-A3B3-A377898487B8}.Release|Any CPU.ActiveCfg = Release|Any CPU
		{7AA093B3-D5D4-4B74-A3B3-A377898487B8}.Release|Any CPU.Build.0 = Release|Any CPU
	EndGlobalSection
	GlobalSection(NestedProjects) = preSolution
		{7AA093B3-D5D4-4B74-A3B3-A377898487B8} = {CB210715-3FCB-4967-9510-EC92DFBC653D}
	EndGlobalSection
EndGlobal
